
Microsoft Visual Studio Solution File, Format Version 12.00
# Visual Studio Version 16
VisualStudioVersion = 16.0.32126.315
MinimumVisualStudioVersion = 10.0.40219.1
Project("{FAE04EC0-301F-11D3-BF4B-00C04F79EFBC}") = "HTquanlyNCKH", "HTquanlyNCKH\HTquanlyNCKH.csproj", "{04E805F9-6E30-4765-A5A8-36A9D8364218}"
EndProject
Global
	GlobalSection(SolutionConfigurationPlatforms) = preSolution
		Debug|Any CPU = Debug|Any CPU
		Release|Any CPU = Release|Any CPU
	EndGlobalSection
	GlobalSection(ProjectConfigurationPlatforms) = postSolution
		{04E805F9-6E30-4765-A5A8-36A9D8364218}.Debug|Any CPU.ActiveCfg = Debug|Any CPU
		{04E805F9-6E30-4765-A5A8-36A9D8364218}.Debug|Any CPU.Build.0 = Debug|Any CPU
		{04E805F9-6E30-4765-A5A8-36A9D8364218}.Release|Any CPU.ActiveCfg = Release|Any CPU
		{04E805F9-6E30-4765-A5A8-36A9D8364218}.Release|Any CPU.Build.0 = Release|Any CPU
	EndGlobalSection
	GlobalSection(SolutionProperties) = preSolution
		HideSolutionNode = FALSE
	EndGlobalSection
	GlobalSection(ExtensibilityGlobals) = postSolution
		SolutionGuid = {43550B4C-C8AC-4DE7-BD06-5E169FCDCA90}
	EndGlobalSection
EndGlobal
